{
  "name": "opencv-js",
  "lockfileVersion": 3,
  "requires": true,
  "packages": {
    "": {
      "dependencies": {
        "@techstark/opencv-js": "^4.9.0-release.3"
      }
    },
    "node_modules/@techstark/opencv-js": {
      "version": "4.9.0-release.3",
      "resolved": "https://registry.npmjs.org/@techstark/opencv-js/-/opencv-js-4.9.0-release.3.tgz",
      "integrity": "sha512-y+KoLLlkXVUHWozYlN1vmMD9TQMPJObqml5nPA5vPWgHtOgm8q5O74UtzM23eayidvmeFX6tF5e2gDdyxcpy3Q=="
    }
  }
}
